
Microsoft Visual Studio Solution File, Format Version 12.00
# Visual Studio 15
VisualStudioVersion = 15.0.28307.902
MinimumVisualStudioVersion = 10.0.40219.1
Project("{FAE04EC0-301F-11D3-BF4B-00C04F79EFBC}") = "KneatAutomationTestChallenge", "KneatAutomationTestChallenge\KneatAutomationTestChallenge.csproj", "{D8A4AC02-0534-45DA-BCBF-97AB00B98F96}"
EndProject
Global
	GlobalSection(SolutionConfigurationPlatforms) = preSolution
		Debug|Any CPU = Debug|Any CPU
		Release|Any CPU = Release|Any CPU
	EndGlobalSection
	GlobalSection(ProjectConfigurationPlatforms) = postSolution
		{D8A4AC02-0534-45DA-BCBF-97AB00B98F96}.Debug|Any CPU.ActiveCfg = Debug|Any CPU
		{D8A4AC02-0534-45DA-BCBF-97AB00B98F96}.Debug|Any CPU.Build.0 = Debug|Any CPU
		{D8A4AC02-0534-45DA-BCBF-97AB00B98F96}.Release|Any CPU.ActiveCfg = Release|Any CPU
		{D8A4AC02-0534-45DA-BCBF-97AB00B98F96}.Release|Any CPU.Build.0 = Release|Any CPU
	EndGlobalSection
	GlobalSection(SolutionProperties) = preSolution
		HideSolutionNode = FALSE
	EndGlobalSection
	GlobalSection(ExtensibilityGlobals) = postSolution
		SolutionGuid = {22FB82E6-8A34-4ADD-B04A-1CF95851F54A}
	EndGlobalSection
EndGlobal
